
Microsoft Visual Studio Solution File, Format Version 12.00
# Visual Studio 15
VisualStudioVersion = 15.0.27428.2043
MinimumVisualStudioVersion = 10.0.40219.1
Project("{FAE04EC0-301F-11D3-BF4B-00C04F79EFBC}") = "FolderWatcher", "FolderWatcher\FolderWatcher.csproj", "{C072EF34-2701-4739-8AEB-71CBBAB70DCA}"
EndProject
Global
	GlobalSection(SolutionConfigurationPlatforms) = preSolution
		Debug|Any CPU = Debug|Any CPU
		Release|Any CPU = Release|Any CPU
	EndGlobalSection
	GlobalSection(ProjectConfigurationPlatforms) = postSolution
		{C072EF34-2701-4739-8AEB-71CBBAB70DCA}.Debug|Any CPU.ActiveCfg = Debug|Any CPU
		{C072EF34-2701-4739-8AEB-71CBBAB70DCA}.Debug|Any CPU.Build.0 = Debug|Any CPU
		{C072EF34-2701-4739-8AEB-71CBBAB70DCA}.Release|Any CPU.ActiveCfg = Release|Any CPU
		{C072EF34-2701-4739-8AEB-71CBBAB70DCA}.Release|Any CPU.Build.0 = Release|Any CPU
	EndGlobalSection
	GlobalSection(SolutionProperties) = preSolution
		HideSolutionNode = FALSE
	EndGlobalSection
	GlobalSection(ExtensibilityGlobals) = postSolution
		SolutionGuid = {234FB7B7-988D-4ECA-B2DC-403CE2FA22EA}
	EndGlobalSection
EndGlobal
